{
  "R": {
    "Version": "4.5.3",
    "Repositories": [
      {
        "Name": "CRAN",
        "URL": "https://cloud.r-project.org"
      }
    ]
  },
  "Bioconductor": {
    "Version": "3.22"
  },
  "Packages": {
    "BH": {
      "Package": "BH",
      "Version": "1.90.0-1",
      "Source": "Repository",
      "Type": "Package",
      "Title": "Boost C++ Header Files",
      "Date": "2025-12-13",
      "Authors@R": "c(person(\"Dirk\", \"Eddelbuettel\", role = c(\"aut\", \"cre\"), email = \"edd@debian.org\", comment = c(ORCID = \"0000-0001-6419-907X\")), person(\"John W.\", \"Emerson\", role = \"aut\"),  person(\"Michael J.\", \"Kane\", role = \"aut\",  comment = c(ORCID = \"0000-0003-1899-6662\")))",
      "Description": "Boost provides free peer-reviewed portable C++ source  libraries.  A large part of Boost is provided as C++ template code which is resolved entirely at compile-time without linking.  This  package aims to provide the most useful subset of Boost libraries  for template use among CRAN packages. By placing these libraries in  this package, we offer a more efficient distribution system for CRAN  as replication of this code in the sources of other packages is  avoided. As of release 1.84.0-0, the following Boost libraries are included: 'accumulators' 'algorithm' 'align' 'any' 'atomic' 'beast' 'bimap' 'bind' 'circular_buffer' 'compute' 'concept' 'config' 'container' 'date_time' 'detail' 'dynamic_bitset' 'exception' 'flyweight' 'foreach' 'functional' 'fusion' 'geometry' 'graph' 'heap' 'icl' 'integer' 'interprocess' 'intrusive' 'io' 'iostreams' 'iterator' 'lambda2' 'math' 'move' 'mp11' 'mpl' 'multiprecision' 'numeric' 'pending' 'phoenix' 'polygon' 'preprocessor' 'process' 'propery_tree' 'qvm' 'random' 'range' 'scope_exit' 'smart_ptr' 'sort' 'spirit' 'tuple' 'type_traits' 'typeof' 'unordered' 'url' 'utility' 'uuid'.",
      "License": "BSL-1.0",
      "URL": "https://github.com/eddelbuettel/bh, https://dirk.eddelbuettel.com/code/bh.html",
      "BugReports": "https://github.com/eddelbuettel/bh/issues",
      "NeedsCompilation": "no",
      "Author": "Dirk Eddelbuettel [aut, cre] (ORCID: <https://orcid.org/0000-0001-6419-907X>), John W. Emerson [aut], Michael J. Kane [aut] (ORCID: <https://orcid.org/0000-0003-1899-6662>)",
      "Maintainer": "Dirk Eddelbuettel <edd@debian.org>",
      "Repository": "CRAN"
    },
    "Biobase": {
      "Package": "Biobase",
      "Version": "2.70.0",
      "Source": "Bioconductor",
      "Title": "Biobase: Base functions for Bioconductor",
      "Description": "Functions that are needed by many other packages or which replace R functions.",
      "biocViews": "Infrastructure",
      "URL": "https://bioconductor.org/packages/Biobase",
      "BugReports": "https://github.com/Bioconductor/Biobase/issues",
      "License": "Artistic-2.0",
      "Authors@R": "c( person(\"R.\", \"Gentleman\", role=\"aut\"), person(\"V.\", \"Carey\", role = \"aut\"), person(\"M.\", \"Morgan\", role=\"aut\"), person(\"S.\", \"Falcon\", role=\"aut\"), person(\"Haleema\", \"Khan\", role = \"ctb\", comment = \"'esApply' and 'BiobaseDevelopment' vignette translation from Sweave to Rmarkdown / HTML\" ), person(\"Bioconductor Package Maintainer\", role = \"cre\", email = \"maintainer@bioconductor.org\" ))",
      "Suggests": [
        "tools",
        "tkWidgets",
        "ALL",
        "RUnit",
        "golubEsets",
        "BiocStyle",
        "knitr",
        "limma"
      ],
      "Depends": [
        "R (>= 2.10)",
        "BiocGenerics (>= 0.27.1)",
        "utils"
      ],
      "Imports": [
        "methods"
      ],
      "VignetteBuilder": "knitr",
      "LazyLoad": "yes",
      "Collate": "tools.R strings.R environment.R vignettes.R packages.R AllGenerics.R VersionsClass.R VersionedClasses.R methods-VersionsNull.R methods-VersionedClass.R DataClasses.R methods-aggregator.R methods-container.R methods-MIAxE.R methods-MIAME.R methods-AssayData.R methods-AnnotatedDataFrame.R methods-eSet.R methods-ExpressionSet.R methods-MultiSet.R methods-SnpSet.R methods-NChannelSet.R anyMissing.R rowOp-methods.R updateObjectTo.R methods-ScalarObject.R zzz.R",
      "git_url": "https://git.bioconductor.org/packages/Biobase",
      "git_branch": "RELEASE_3_22",
      "git_last_commit": "9964e15",
      "git_last_commit_date": "2025-10-29",
      "Repository": "Bioconductor 3.22",
      "NeedsCompilation": "yes",
      "Author": "R. Gentleman [aut], V. Carey [aut], M. Morgan [aut], S. Falcon [aut], Haleema Khan [ctb] ('esApply' and 'BiobaseDevelopment' vignette translation from Sweave to Rmarkdown / HTML), Bioconductor Package Maintainer [cre]",
      "Maintainer": "Bioconductor Package Maintainer <maintainer@bioconductor.org>"
    },
    "BiocGenerics": {
      "Package": "BiocGenerics",
      "Version": "0.56.0",
      "Source": "Bioconductor",
      "Title": "S4 generic functions used in Bioconductor",
      "Description": "The package defines many S4 generic functions used in Bioconductor.",
      "biocViews": "Infrastructure",
      "URL": "https://bioconductor.org/packages/BiocGenerics",
      "BugReports": "https://github.com/Bioconductor/BiocGenerics/issues",
      "License": "Artistic-2.0",
      "Encoding": "UTF-8",
      "Authors@R": "c( person(\"The Bioconductor Dev Team\", role=\"aut\"), person(\"Hervé\", \"Pagès\", role=c(\"aut\", \"cre\"), email=\"hpages.on.github@gmail.com\", comment=c(ORCID=\"0009-0002-8272-4522\")), person(\"Laurent\", \"Gatto\", role=\"ctb\", email=\"laurent.gatto@uclouvain.be\", comment=c(ORCID=\"0000-0002-1520-2268\")), person(\"Nathaniel\", \"Hayden\", role=\"ctb\"), person(\"James\", \"Hester\", role=\"ctb\"), person(\"Wolfgang\", \"Huber\", role=\"ctb\"), person(\"Michael\", \"Lawrence\", role=\"ctb\"), person(\"Martin\", \"Morgan\", role=\"ctb\", email=\"mtmorgan.xyz@gmail.com\", comment=c(ORCID=\"0000-0002-5874-8148\")), person(\"Valerie\", \"Obenchain\", role=\"ctb\"))",
      "Depends": [
        "R (>= 4.0.0)",
        "methods",
        "utils",
        "graphics",
        "stats",
        "generics"
      ],
      "Imports": [
        "methods",
        "utils",
        "graphics",
        "stats"
      ],
      "Suggests": [
        "Biobase",
        "S4Vectors",
        "IRanges",
        "S4Arrays",
        "SparseArray",
        "DelayedArray",
        "HDF5Array",
        "GenomicRanges",
        "pwalign",
        "Rsamtools",
        "AnnotationDbi",
        "affy",
        "affyPLM",
        "DESeq2",
        "flowClust",
        "MSnbase",
        "annotate",
        "MultiAssayExperiment",
        "RUnit"
      ],
      "Collate": "S3-classes-as-S4-classes.R utils.R normarg-utils.R replaceSlots.R aperm.R append.R as.data.frame.R as.list.R as.vector.R cbind.R do.call.R duplicated.R eval.R Extremes.R format.R funprog.R get.R grep.R is.unsorted.R lapply.R mapply.R match.R mean.R nrow.R order.R paste.R rank.R rep.R row_colnames.R saveRDS.R sort.R start.R subset.R t.R table.R tapply.R unique.R unlist.R unsplit.R which.R which.min.R relist.R boxplot.R image.R density.R IQR.R mad.R residuals.R var.R weights.R xtabs.R setops.R annotation.R combine.R containsOutOfMemoryData.R dbconn.R dge.R dims.R fileName.R longForm.R normalize.R Ontology.R organism_species.R paste2.R path.R plotMA.R plotPCA.R score.R strand.R toTable.R type.R updateObject.R testPackage.R zzz.R",
      "git_url": "https://git.bioconductor.org/packages/BiocGenerics",
      "git_branch": "RELEASE_3_22",
      "git_last_commit": "16cf16d",
      "git_last_commit_date": "2025-10-29",
      "Repository": "Bioconductor 3.22",
      "NeedsCompilation": "no",
      "Author": "The Bioconductor Dev Team [aut], Hervé Pagès [aut, cre] (ORCID: <https://orcid.org/0009-0002-8272-4522>), Laurent Gatto [ctb] (ORCID: <https://orcid.org/0000-0002-1520-2268>), Nathaniel Hayden [ctb], James Hester [ctb], Wolfgang Huber [ctb], Michael Lawrence [ctb], Martin Morgan [ctb] (ORCID: <https://orcid.org/0000-0002-5874-8148>), Valerie Obenchain [ctb]",
      "Maintainer": "Hervé Pagès <hpages.on.github@gmail.com>"
    },
    "BiocManager": {
      "Package": "BiocManager",
      "Version": "1.30.27",
      "Source": "Repository",
      "Title": "Access the Bioconductor Project Package Repository",
      "Description": "A convenient tool to install and update Bioconductor packages.",
      "Authors@R": "c( person(\"Martin\", \"Morgan\", email = \"martin.morgan@roswellpark.org\", role = \"aut\", comment = c(ORCID = \"0000-0002-5874-8148\")), person(\"Marcel\", \"Ramos\", email = \"marcel.ramos@sph.cuny.edu\", role = c(\"aut\", \"cre\"), comment = c(ORCID = \"0000-0002-3242-0582\")))",
      "Imports": [
        "utils"
      ],
      "Suggests": [
        "BiocVersion",
        "BiocStyle",
        "remotes",
        "rmarkdown",
        "testthat",
        "withr",
        "curl",
        "knitr"
      ],
      "URL": "https://bioconductor.github.io/BiocManager/",
      "BugReports": "https://github.com/Bioconductor/BiocManager/issues",
      "VignetteBuilder": "knitr",
      "License": "Artistic-2.0",
      "Encoding": "UTF-8",
      "RoxygenNote": "7.3.2",
      "NeedsCompilation": "no",
      "Author": "Martin Morgan [aut] (ORCID: <https://orcid.org/0000-0002-5874-8148>), Marcel Ramos [aut, cre] (ORCID: <https://orcid.org/0000-0002-3242-0582>)",
      "Maintainer": "Marcel Ramos <marcel.ramos@sph.cuny.edu>",
      "Repository": "CRAN"
    },
    "BiocVersion": {
      "Package": "BiocVersion",
      "Version": "3.22.0",
      "Source": "Bioconductor",
      "Title": "Set the appropriate version of Bioconductor packages",
      "Description": "This package provides repository information for the appropriate version of Bioconductor.",
      "Authors@R": "c( person(\"Martin\", \"Morgan\", email = \"martin.morgan@roswellpark.org\", role = \"aut\"), person(\"Marcel\", \"Ramos\", email = \"marcel.ramos@sph.cuny.edu\", role = \"ctb\"), person(\"Bioconductor\", \"Package Maintainer\", email  = \"maintainer@bioconductor.org\", role = c(\"ctb\", \"cre\")))",
      "biocViews": "Infrastructure",
      "Depends": [
        "R (>= 4.5.0)"
      ],
      "License": "Artistic-2.0",
      "Encoding": "UTF-8",
      "RoxygenNote": "6.0.1",
      "git_url": "https://git.bioconductor.org/packages/BiocVersion",
      "git_branch": "devel",
      "git_last_commit": "fea53ac",
      "git_last_commit_date": "2025-04-15",
      "Repository": "Bioconductor 3.22",
      "NeedsCompilation": "no",
      "Author": "Martin Morgan [aut], Marcel Ramos [ctb], Bioconductor Package Maintainer [ctb, cre]",
      "Maintainer": "Bioconductor Package Maintainer <maintainer@bioconductor.org>"
    },
    "RProtoBufLib": {
      "Package": "RProtoBufLib",
      "Version": "2.22.0",
      "Source": "Bioconductor",
      "Type": "Package",
      "Title": "C++ headers and static libraries of Protocol buffers",
      "Author": "Mike Jiang",
      "Maintainer": "Mike Jiang <mike@ozette.ai>",
      "Description": "This package provides the headers and static library of Protocol buffers for other R packages to compile and link against.",
      "License": "BSD_3_clause",
      "LazyLoad": "true",
      "SystemRequirements": "GNU make",
      "biocViews": "Infrastructure",
      "RoxygenNote": "6.1.1",
      "VignetteBuilder": "knitr",
      "Suggests": [
        "knitr",
        "rmarkdown"
      ],
      "git_url": "https://git.bioconductor.org/packages/RProtoBufLib",
      "git_branch": "RELEASE_3_22",
      "git_last_commit": "6416866",
      "git_last_commit_date": "2025-10-29",
      "Repository": "Bioconductor 3.22",
      "NeedsCompilation": "yes"
    },
    "Rcpp": {
      "Package": "Rcpp",
      "Version": "1.1.2",
      "Source": "Repository",
      "Title": "Seamless R and C++ Integration",
      "Date": "2026-07-01",
      "Authors@R": "c(person(\"Dirk\", \"Eddelbuettel\", role = c(\"aut\", \"cre\"), email = \"edd@debian.org\", comment = c(ORCID = \"0000-0001-6419-907X\")), person(\"Romain\", \"Francois\", role = \"aut\", comment = c(ORCID = \"0000-0002-2444-4226\")), person(\"JJ\", \"Allaire\", role = \"aut\", comment = c(ORCID = \"0000-0003-0174-9868\")), person(\"Kevin\", \"Ushey\", role = \"aut\", comment = c(ORCID = \"0000-0003-2880-7407\")), person(\"Qiang\", \"Kou\", role = \"aut\", comment = c(ORCID = \"0000-0001-6786-5453\")), person(\"Nathan\", \"Russell\", role = \"aut\"), person(\"Iñaki\", \"Ucar\", role = \"aut\", comment = c(ORCID = \"0000-0001-6403-5550\")), person(\"Doug\", \"Bates\", role = \"aut\", comment = c(ORCID = \"0000-0001-8316-9503\")), person(\"John\", \"Chambers\", role = \"aut\"))",
      "Description": "The 'Rcpp' package provides R functions as well as C++ classes which offer a seamless integration of R and C++. Many R data types and objects can be mapped back and forth to C++ equivalents which facilitates both writing of new code as well as easier integration of third-party libraries. Documentation about 'Rcpp' is provided by several vignettes included in this package, via the 'Rcpp Gallery' site at <https://gallery.rcpp.org>, the paper by Eddelbuettel and Francois (2011, <doi:10.18637/jss.v040.i08>), the book by Eddelbuettel (2013, <doi:10.1007/978-1-4614-6868-4>) and the paper by Eddelbuettel and Balamuta (2018, <doi:10.1080/00031305.2017.1375990>); see 'citation(\"Rcpp\")' for details.",
      "Depends": [
        "R (>= 3.5.0)"
      ],
      "Imports": [
        "methods",
        "utils"
      ],
      "Suggests": [
        "tinytest",
        "inline",
        "rbenchmark",
        "pkgKitten (>= 0.1.2)"
      ],
      "URL": "https://www.rcpp.org, https://dirk.eddelbuettel.com/code/rcpp.html, https://github.com/RcppCore/Rcpp",
      "License": "GPL (>= 2)",
      "BugReports": "https://github.com/RcppCore/Rcpp/issues",
      "RoxygenNote": "6.1.1",
      "Encoding": "UTF-8",
      "VignetteBuilder": "Rcpp",
      "NeedsCompilation": "yes",
      "Author": "Dirk Eddelbuettel [aut, cre] (ORCID: <https://orcid.org/0000-0001-6419-907X>), Romain Francois [aut] (ORCID: <https://orcid.org/0000-0002-2444-4226>), JJ Allaire [aut] (ORCID: <https://orcid.org/0000-0003-0174-9868>), Kevin Ushey [aut] (ORCID: <https://orcid.org/0000-0003-2880-7407>), Qiang Kou [aut] (ORCID: <https://orcid.org/0000-0001-6786-5453>), Nathan Russell [aut], Iñaki Ucar [aut] (ORCID: <https://orcid.org/0000-0001-6403-5550>), Doug Bates [aut] (ORCID: <https://orcid.org/0000-0001-8316-9503>), John Chambers [aut]",
      "Maintainer": "Dirk Eddelbuettel <edd@debian.org>",
      "Repository": "CRAN"
    },
    "Rhdf5lib": {
      "Package": "Rhdf5lib",
      "Version": "1.32.0",
      "Source": "Bioconductor",
      "Type": "Package",
      "Title": "hdf5 library as an R package",
      "Authors@R": "c( person( \"Mike\", \"Smith\", role = \"ctb\", comment = c(ORCID = \"0000-0002-7800-3848\") ), person( \"Hugo\", \"Gruson\", role = \"cre\", email = \"hugo.gruson@embl.de\", comment = c(ORCID = \"0000-0002-4094-1476\")) , person( given = \"The HDF Group\", role = \"cph\" ) )",
      "Description": "Provides C and C++ hdf5 libraries.",
      "License": "Artistic-2.0",
      "Copyright": "src/hdf5/COPYING",
      "LazyLoad": "true",
      "VignetteBuilder": "knitr",
      "Depends": [
        "R (>= 4.2.0)"
      ],
      "Suggests": [
        "BiocStyle",
        "knitr",
        "rmarkdown",
        "tinytest",
        "mockery"
      ],
      "URL": "https://github.com/Huber-group-EMBL/Rhdf5lib",
      "BugReports": "https://github.com/Huber-group-EMBL/Rhdf5lib/issues",
      "SystemRequirements": "GNU make",
      "Encoding": "UTF-8",
      "biocViews": "Infrastructure",
      "RoxygenNote": "7.1.2",
      "git_url": "https://git.bioconductor.org/packages/Rhdf5lib",
      "git_branch": "RELEASE_3_22",
      "git_last_commit": "f62ae28",
      "git_last_commit_date": "2025-10-29",
      "Repository": "Bioconductor 3.22",
      "NeedsCompilation": "yes",
      "Author": "Mike Smith [ctb] (ORCID: <https://orcid.org/0000-0002-7800-3848>), Hugo Gruson [cre] (ORCID: <https://orcid.org/0000-0002-4094-1476>), The HDF Group [cph]",
      "Maintainer": "Hugo Gruson <hugo.gruson@embl.de>"
    },
    "S4Vectors": {
      "Package": "S4Vectors",
      "Version": "0.48.1",
      "Source": "Bioconductor",
      "Title": "Foundation of vector-like and list-like containers in Bioconductor",
      "Description": "The S4Vectors package defines the Vector and List virtual classes and a set of generic functions that extend the semantic of ordinary vectors and lists in R. Package developers can easily implement vector-like or list-like objects as concrete subclasses of Vector or List. In addition, a few low-level concrete subclasses of general interest (e.g. DataFrame, Rle, Factor, and Hits) are implemented in the S4Vectors package itself (many more are implemented in the IRanges package and in other Bioconductor infrastructure packages).",
      "biocViews": "Infrastructure, DataRepresentation",
      "URL": "https://bioconductor.org/packages/S4Vectors",
      "BugReports": "https://github.com/Bioconductor/S4Vectors/issues",
      "License": "Artistic-2.0",
      "Encoding": "UTF-8",
      "Authors@R": "c( person(\"Hervé\", \"Pagès\", role=c(\"aut\", \"cre\"), email=\"hpages.on.github@gmail.com\"), person(\"Michael\", \"Lawrence\", role=\"aut\"), person(\"Patrick\", \"Aboyoun\", role=\"aut\"), person(\"Aaron\", \"Lun\", role=\"ctb\"), person(\"Beryl\", \"Kanali\", role=\"ctb\", comment=\"Converted vignettes from Sweave to RMarkdown\"))",
      "Depends": [
        "R (>= 4.0.0)",
        "methods",
        "utils",
        "stats",
        "stats4",
        "BiocGenerics (>= 0.53.2)"
      ],
      "Suggests": [
        "IRanges",
        "GenomicRanges",
        "SummarizedExperiment",
        "Matrix",
        "DelayedArray",
        "ShortRead",
        "graph",
        "data.table",
        "RUnit",
        "BiocStyle",
        "knitr"
      ],
      "VignetteBuilder": "knitr",
      "Collate": "S4-utils.R show-utils.R utils.R normarg-utils.R bindROWS.R LLint-class.R isSorted.R subsetting-utils.R vector-utils.R integer-utils.R character-utils.R raw-utils.R eval-utils.R map_ranges_to_runs.R RectangularData-class.R Annotated-class.R DataFrame_OR_NULL-class.R Vector-class.R Vector-comparison.R Vector-setops.R Vector-merge.R Hits-class.R Hits-comparison.R Hits-setops.R Rle-class.R Rle-utils.R Factor-class.R List-class.R List-comparison.R splitAsList.R List-utils.R SimpleList-class.R HitsList-class.R DataFrame-class.R DataFrame-combine.R DataFrame-comparison.R DataFrame-utils.R DataFrameFactor-class.R TransposedDataFrame-class.R Pairs-class.R FilterRules-class.R stack-methods.R expand-methods.R aggregate-methods.R shiftApply-methods.R zzz.R",
      "git_url": "https://git.bioconductor.org/packages/S4Vectors",
      "git_branch": "RELEASE_3_22",
      "git_last_commit": "ae25d08",
      "git_last_commit_date": "2026-04-04",
      "Repository": "Bioconductor 3.22",
      "NeedsCompilation": "yes",
      "Author": "Hervé Pagès [aut, cre], Michael Lawrence [aut], Patrick Aboyoun [aut], Aaron Lun [ctb], Beryl Kanali [ctb] (Converted vignettes from Sweave to RMarkdown)",
      "Maintainer": "Hervé Pagès <hpages.on.github@gmail.com>"
    },
    "cpp11": {
      "Package": "cpp11",
      "Version": "0.5.5",
      "Source": "Repository",
      "Title": "A C++11 Interface for R's C Interface",
      "Authors@R": "c( person(\"Davis\", \"Vaughan\", email = \"davis@posit.co\", role = c(\"aut\", \"cre\"), comment = c(ORCID = \"0000-0003-4777-038X\")), person(\"Jim\",\"Hester\", role = \"aut\", comment = c(ORCID = \"0000-0002-2739-7082\")), person(\"Romain\", \"François\", role = \"aut\", comment = c(ORCID = \"0000-0002-2444-4226\")), person(\"Benjamin\", \"Kietzman\", role = \"ctb\"), person(\"Posit Software, PBC\", role = c(\"cph\", \"fnd\")) )",
      "Description": "Provides a header only, C++11 interface to R's C interface.  Compared to other approaches 'cpp11' strives to be safe against long jumps from the C API as well as C++ exceptions, conform to normal R function semantics and supports interaction with 'ALTREP' vectors.",
      "License": "MIT + file LICENSE",
      "URL": "https://cpp11.r-lib.org, https://github.com/r-lib/cpp11",
      "BugReports": "https://github.com/r-lib/cpp11/issues",
      "Depends": [
        "R (>= 4.0.0)"
      ],
      "Suggests": [
        "bench",
        "brio",
        "callr",
        "cli",
        "covr",
        "decor",
        "desc",
        "ggplot2",
        "glue",
        "knitr",
        "lobstr",
        "mockery",
        "progress",
        "rmarkdown",
        "scales",
        "Rcpp",
        "testthat (>= 3.2.0)",
        "tibble",
        "utils",
        "vctrs",
        "withr"
      ],
      "VignetteBuilder": "knitr",
      "Config/Needs/website": "tidyverse/tidytemplate",
      "Config/testthat/edition": "3",
      "Config/Needs/cpp11/cpp_register": "brio, cli, decor, desc, glue, tibble, vctrs",
      "Encoding": "UTF-8",
      "RoxygenNote": "7.3.3",
      "NeedsCompilation": "no",
      "Author": "Davis Vaughan [aut, cre] (ORCID: <https://orcid.org/0000-0003-4777-038X>), Jim Hester [aut] (ORCID: <https://orcid.org/0000-0002-2739-7082>), Romain François [aut] (ORCID: <https://orcid.org/0000-0002-2444-4226>), Benjamin Kietzman [ctb], Posit Software, PBC [cph, fnd]",
      "Maintainer": "Davis Vaughan <davis@posit.co>",
      "Repository": "CRAN"
    },
    "cytolib": {
      "Package": "cytolib",
      "Version": "2.22.0",
      "Source": "Bioconductor",
      "Type": "Package",
      "Title": "C++ infrastructure for representing and interacting with the gated cytometry data",
      "Date": "2017-08-07",
      "Author": "Mike Jiang",
      "Maintainer": "Mike Jiang <mike@ozette.com>",
      "Description": "This package provides the core data structure and API to represent and interact with the gated cytometry data.",
      "License": "AGPL-3.0-only",
      "License_restricts_use": "no",
      "LazyLoad": "yes",
      "Imports": [
        "RProtoBufLib"
      ],
      "Depends": [
        "R (>= 3.4)"
      ],
      "Suggests": [
        "knitr",
        "rmarkdown"
      ],
      "LinkingTo": [
        "BH(>= 1.84.0.0)",
        "RProtoBufLib(>= 2.13.1)",
        "Rhdf5lib"
      ],
      "biocViews": "ImmunoOncology, FlowCytometry, DataImport, Preprocessing, DataRepresentation",
      "VignetteBuilder": "knitr",
      "SystemRequirements": "GNU make, C++11",
      "RoxygenNote": "7.1.2",
      "Biarch": "TRUE",
      "git_url": "https://git.bioconductor.org/packages/cytolib",
      "git_branch": "RELEASE_3_22",
      "git_last_commit": "13c3c9c",
      "git_last_commit_date": "2025-10-29",
      "Repository": "Bioconductor 3.22",
      "NeedsCompilation": "yes"
    },
    "flowCore": {
      "Package": "flowCore",
      "Version": "2.22.1",
      "Source": "Bioconductor",
      "Title": "flowCore: Basic structures for flow cytometry data",
      "Authors@R": "personList(person(\"B\",\"Ellis\", role = \"aut\"), person(\"Perry\", \"Haaland\", role = \"aut\"), person(\"Florian\", \"Hahne\", role = \"aut\"), person(\"Nolwenn\", \"Le Meur\", role = \"aut\"), person(\"Nishant\", \"Gopalakrishnan\", role = \"aut\"), person(\"Josef\", \"Spidlen\", role = \"aut\"), person(\"Mike\", \"Jiang\", role = c(\"aut\",\"cre\"), email = \"mike@ozette.com\"), person(\"Greg\", \"Finak\", role = \"aut\"), person(\"Samuel\",\"Granjeaud\", role = \"ctb\"))",
      "Maintainer": "Mike Jiang <mike@ozette.com>",
      "Description": "Provides S4 data structures and basic functions to deal with flow cytometry data.",
      "Depends": [
        "R (>= 3.5.0)"
      ],
      "Imports": [
        "Biobase",
        "BiocGenerics (>= 0.29.2)",
        "grDevices",
        "graphics",
        "methods",
        "stats",
        "utils",
        "stats4",
        "Rcpp",
        "matrixStats",
        "cytolib (>= 2.13.1)",
        "S4Vectors"
      ],
      "Suggests": [
        "Rgraphviz",
        "flowViz",
        "flowStats (>= 3.43.4)",
        "testthat",
        "flowWorkspace",
        "flowWorkspaceData",
        "openCyto",
        "knitr",
        "ggcyto",
        "gridExtra"
      ],
      "Collate": "AllGenerics.R AllClasses.R flowFrame-accessors.R flowSet-accessors.R transform_gate-methods.R coerce.R logicalFilterResult-accessors.R summarizeFilter-methods.R filterSummary-accessors.R manyFilterResult-accessors.R summary-methods.R multipleFilterResult-accessors.R on-methods.R transformList-accessors.R identifier-methods.R parameters-methods.R initialize-methods.R filterResult-accessors.R in-methods.R rectangleGate-accessors.R filterResultList-accessors.R IO.R show-methods.R length-methods.R names-methods.R split-methods.R eval-methods.R gatingML.R FCSTransTransform.R median-logicle-transform.R utils.R flowCore.R GvHD.R CytoExploreR_wrappers.R cpp11.R",
      "License": "Artistic-2.0",
      "biocViews": "ImmunoOncology, Infrastructure, FlowCytometry, CellBasedAssays",
      "LinkingTo": [
        "cpp11",
        "BH(>= 1.81.0.0)",
        "cytolib",
        "RProtoBufLib"
      ],
      "VignetteBuilder": "knitr",
      "SystemRequirements": "GNU make, C++17",
      "RoxygenNote": "7.2.3",
      "Encoding": "UTF-8",
      "git_url": "https://git.bioconductor.org/packages/flowCore",
      "git_branch": "RELEASE_3_22",
      "git_last_commit": "0659ece",
      "git_last_commit_date": "2026-01-01",
      "Repository": "Bioconductor 3.22",
      "NeedsCompilation": "yes",
      "Author": "B Ellis [aut], Perry Haaland [aut], Florian Hahne [aut], Nolwenn Le Meur [aut], Nishant Gopalakrishnan [aut], Josef Spidlen [aut], Mike Jiang [aut, cre], Greg Finak [aut], Samuel Granjeaud [ctb]"
    },
    "generics": {
      "Package": "generics",
      "Version": "0.1.4",
      "Source": "Repository",
      "Title": "Common S3 Generics not Provided by Base R Methods Related to Model Fitting",
      "Authors@R": "c( person(\"Hadley\", \"Wickham\", , \"hadley@posit.co\", role = c(\"aut\", \"cre\"), comment = c(ORCID = \"0000-0003-4757-117X\")), person(\"Max\", \"Kuhn\", , \"max@posit.co\", role = \"aut\"), person(\"Davis\", \"Vaughan\", , \"davis@posit.co\", role = \"aut\"), person(\"Posit Software, PBC\", role = c(\"cph\", \"fnd\"), comment = c(ROR = \"https://ror.org/03wc8by49\")) )",
      "Description": "In order to reduce potential package dependencies and conflicts, generics provides a number of commonly used S3 generics.",
      "License": "MIT + file LICENSE",
      "URL": "https://generics.r-lib.org, https://github.com/r-lib/generics",
      "BugReports": "https://github.com/r-lib/generics/issues",
      "Depends": [
        "R (>= 3.6)"
      ],
      "Imports": [
        "methods"
      ],
      "Suggests": [
        "covr",
        "pkgload",
        "testthat (>= 3.0.0)",
        "tibble",
        "withr"
      ],
      "Config/Needs/website": "tidyverse/tidytemplate",
      "Config/testthat/edition": "3",
      "Encoding": "UTF-8",
      "RoxygenNote": "7.3.2",
      "NeedsCompilation": "no",
      "Author": "Hadley Wickham [aut, cre] (ORCID: <https://orcid.org/0000-0003-4757-117X>), Max Kuhn [aut], Davis Vaughan [aut], Posit Software, PBC [cph, fnd] (ROR: <https://ror.org/03wc8by49>)",
      "Maintainer": "Hadley Wickham <hadley@posit.co>",
      "Repository": "CRAN"
    },
    "matrixStats": {
      "Package": "matrixStats",
      "Version": "1.5.0",
      "Source": "Repository",
      "Depends": [
        "R (>= 3.4.0)"
      ],
      "Suggests": [
        "utils",
        "base64enc",
        "ggplot2",
        "knitr",
        "markdown",
        "microbenchmark",
        "R.devices",
        "R.rsp"
      ],
      "VignetteBuilder": "R.rsp",
      "Title": "Functions that Apply to Rows and Columns of Matrices (and to Vectors)",
      "Authors@R": "c( person(\"Henrik\", \"Bengtsson\", role=c(\"aut\", \"cre\", \"cph\"), email=\"henrikb@braju.com\"), person(\"Constantin\", \"Ahlmann-Eltze\", role = \"ctb\"), person(\"Hector\", \"Corrada Bravo\", role=\"ctb\"), person(\"Robert\", \"Gentleman\", role=\"ctb\"), person(\"Jan\", \"Gleixner\", role=\"ctb\"), person(\"Peter\", \"Hickey\", role=\"ctb\"), person(\"Ola\", \"Hossjer\", role=\"ctb\"), person(\"Harris\", \"Jaffee\", role=\"ctb\"), person(\"Dongcan\", \"Jiang\", role=\"ctb\"), person(\"Peter\", \"Langfelder\", role=\"ctb\"), person(\"Brian\", \"Montgomery\", role=\"ctb\"), person(\"Angelina\", \"Panagopoulou\", role=\"ctb\"), person(\"Hugh\", \"Parsonage\", role=\"ctb\"), person(\"Jakob Peder\", \"Pettersen\", role=\"ctb\"))",
      "Author": "Henrik Bengtsson [aut, cre, cph], Constantin Ahlmann-Eltze [ctb], Hector Corrada Bravo [ctb], Robert Gentleman [ctb], Jan Gleixner [ctb], Peter Hickey [ctb], Ola Hossjer [ctb], Harris Jaffee [ctb], Dongcan Jiang [ctb], Peter Langfelder [ctb], Brian Montgomery [ctb], Angelina Panagopoulou [ctb], Hugh Parsonage [ctb], Jakob Peder Pettersen [ctb]",
      "Maintainer": "Henrik Bengtsson <henrikb@braju.com>",
      "Description": "High-performing functions operating on rows and columns of matrices, e.g. col / rowMedians(), col / rowRanks(), and col / rowSds().  Functions optimized per data type and for subsetted calculations such that both memory usage and processing time is minimized.  There are also optimized vector-based methods, e.g. binMeans(), madDiff() and weightedMedian().",
      "License": "Artistic-2.0",
      "LazyLoad": "TRUE",
      "NeedsCompilation": "yes",
      "ByteCompile": "TRUE",
      "URL": "https://github.com/HenrikBengtsson/matrixStats",
      "BugReports": "https://github.com/HenrikBengtsson/matrixStats/issues",
      "RoxygenNote": "7.3.2",
      "Repository": "CRAN"
    },
    "renv": {
      "Package": "renv",
      "Version": "1.2.3",
      "Source": "Repository",
      "Type": "Package",
      "Title": "Project Environments",
      "Authors@R": "c( person(\"Kevin\", \"Ushey\", role = c(\"aut\", \"cre\"), email = \"kevin@rstudio.com\", comment = c(ORCID = \"0000-0003-2880-7407\")), person(\"Hadley\", \"Wickham\", role = c(\"aut\"), email = \"hadley@rstudio.com\", comment = c(ORCID = \"0000-0003-4757-117X\")), person(\"Posit Software, PBC\", role = c(\"cph\", \"fnd\")) )",
      "Description": "A dependency management toolkit for R. Using 'renv', you can create and manage project-local R libraries, save the state of these libraries to a 'lockfile', and later restore your library as required. Together, these tools can help make your projects more isolated, portable, and reproducible.",
      "License": "MIT + file LICENSE",
      "URL": "https://rstudio.github.io/renv/, https://github.com/rstudio/renv",
      "BugReports": "https://github.com/rstudio/renv/issues",
      "Imports": [
        "utils"
      ],
      "Suggests": [
        "BiocManager",
        "cli",
        "compiler",
        "covr",
        "cpp11",
        "curl",
        "devtools",
        "generics",
        "gitcreds",
        "jsonlite",
        "jsonvalidate",
        "knitr",
        "miniUI",
        "modules",
        "packrat",
        "pak",
        "R6",
        "remotes",
        "reticulate",
        "rmarkdown",
        "rstudioapi",
        "shiny",
        "testthat",
        "uuid",
        "waldo",
        "yaml",
        "webfakes"
      ],
      "Encoding": "UTF-8",
      "RoxygenNote": "7.3.3",
      "VignetteBuilder": "knitr",
      "Config/Needs/website": "tidyverse/tidytemplate",
      "Config/testthat/edition": "3",
      "Config/testthat/parallel": "true",
      "Config/testthat/start-first": "bioconductor,python,install,restore,snapshot,retrieve,remotes",
      "NeedsCompilation": "no",
      "Author": "Kevin Ushey [aut, cre] (ORCID: <https://orcid.org/0000-0003-2880-7407>), Hadley Wickham [aut] (ORCID: <https://orcid.org/0000-0003-4757-117X>), Posit Software, PBC [cph, fnd]",
      "Maintainer": "Kevin Ushey <kevin@rstudio.com>",
      "Repository": "CRAN"
    }
  }
}
